
Microsoft Visual Studio Solution File, Format Version 12.00
# Visual Studio Version 17
VisualStudioVersion = 17.0.32126.317
MinimumVisualStudioVersion = 10.0.40219.1
Project("{FAE04EC0-301F-11D3-BF4B-00C04F79EFBC}") = "Repaso1D", "Repaso1D.csproj", "{D5B1D6E7-3953-4023-A250-E9606B8B30EE}"
EndProject
Global
	GlobalSection(SolutionConfigurationPlatforms) = preSolution
		Debug|Any CPU = Debug|Any CPU
		Release|Any CPU = Release|Any CPU
	EndGlobalSection
	GlobalSection(ProjectConfigurationPlatforms) = postSolution
		{D5B1D6E7-3953-4023-A250-E9606B8B30EE}.Debug|Any CPU.ActiveCfg = Debug|Any CPU
		{D5B1D6E7-3953-4023-A250-E9606B8B30EE}.Debug|Any CPU.Build.0 = Debug|Any CPU
		{D5B1D6E7-3953-4023-A250-E9606B8B30EE}.Release|Any CPU.ActiveCfg = Release|Any CPU
		{D5B1D6E7-3953-4023-A250-E9606B8B30EE}.Release|Any CPU.Build.0 = Release|Any CPU
	EndGlobalSection
	GlobalSection(SolutionProperties) = preSolution
		HideSolutionNode = FALSE
	EndGlobalSection
	GlobalSection(ExtensibilityGlobals) = postSolution
		SolutionGuid = {9E0D4A66-1446-400F-8871-4AC676F7E26B}
	EndGlobalSection
EndGlobal
